
Microsoft Visual Studio Solution File, Format Version 12.00
# Visual Studio Version 17
VisualStudioVersion = 17.5.33627.172
MinimumVisualStudioVersion = 10.0.40219.1
Project("{9A19103F-16F7-4668-BE54-9A1E7A4F7556}") = "Elite_CG_API", "Elite_CG_API.csproj", "{D9197B59-8538-4FFC-AAEB-7745418DBBD4}"
EndProject
Global
	GlobalSection(SolutionConfigurationPlatforms) = preSolution
		Debug|Any CPU = Debug|Any CPU
		Release|Any CPU = Release|Any CPU
	EndGlobalSection
	GlobalSection(ProjectConfigurationPlatforms) = postSolution
		{D9197B59-8538-4FFC-AAEB-7745418DBBD4}.Debug|Any CPU.ActiveCfg = Debug|Any CPU
		{D9197B59-8538-4FFC-AAEB-7745418DBBD4}.Debug|Any CPU.Build.0 = Debug|Any CPU
		{D9197B59-8538-4FFC-AAEB-7745418DBBD4}.Release|Any CPU.ActiveCfg = Release|Any CPU
		{D9197B59-8538-4FFC-AAEB-7745418DBBD4}.Release|Any CPU.Build.0 = Release|Any CPU
	EndGlobalSection
	GlobalSection(SolutionProperties) = preSolution
		HideSolutionNode = FALSE
	EndGlobalSection
	GlobalSection(ExtensibilityGlobals) = postSolution
		SolutionGuid = {6282666E-63AF-40BC-824D-527E3936639A}
	EndGlobalSection
EndGlobal
